
Microsoft Visual Studio Solution File, Format Version 12.00
# Visual Studio Version 18
VisualStudioVersion = 18.2.11415.280
MinimumVisualStudioVersion = 10.0.40219.1
Project("{FAE04EC0-301F-11D3-BF4B-00C04F79EFBC}") = "Model", "Model\Model.csproj", "{AE8983DC-38FB-42FA-8BB7-74D2F86D5B04}"
EndProject
Project("{FAE04EC0-301F-11D3-BF4B-00C04F79EFBC}") = "View", "View\View.csproj", "{8F2E8A9D-3753-4524-86E9-ED37C47A7C9C}"
EndProject
Global
	GlobalSection(SolutionConfigurationPlatforms) = preSolution
		Debug|Any CPU = Debug|Any CPU
		Debug|x64 = Debug|x64
		Debug|x86 = Debug|x86
		Release|Any CPU = Release|Any CPU
		Release|x64 = Release|x64
		Release|x86 = Release|x86
	EndGlobalSection
	GlobalSection(ProjectConfigurationPlatforms) = postSolution
		{AE8983DC-38FB-42FA-8BB7-74D2F86D5B04}.Debug|Any CPU.ActiveCfg = Debug|Any CPU
		{AE8983DC-38FB-42FA-8BB7-74D2F86D5B04}.Debug|Any CPU.Build.0 = Debug|Any CPU
		{AE8983DC-38FB-42FA-8BB7-74D2F86D5B04}.Debug|x64.ActiveCfg = Debug|Any CPU
		{AE8983DC-38FB-42FA-8BB7-74D2F86D5B04}.Debug|x64.Build.0 = Debug|Any CPU
		{AE8983DC-38FB-42FA-8BB7-74D2F86D5B04}.Debug|x86.ActiveCfg = Debug|Any CPU
		{AE8983DC-38FB-42FA-8BB7-74D2F86D5B04}.Debug|x86.Build.0 = Debug|Any CPU
		{AE8983DC-38FB-42FA-8BB7-74D2F86D5B04}.Release|Any CPU.ActiveCfg = Release|Any CPU
		{AE8983DC-38FB-42FA-8BB7-74D2F86D5B04}.Release|Any CPU.Build.0 = Release|Any CPU
		{AE8983DC-38FB-42FA-8BB7-74D2F86D5B04}.Release|x64.ActiveCfg = Release|Any CPU
		{AE8983DC-38FB-42FA-8BB7-74D2F86D5B04}.Release|x64.Build.0 = Release|Any CPU
		{AE8983DC-38FB-42FA-8BB7-74D2F86D5B04}.Release|x86.ActiveCfg = Release|Any CPU
		{AE8983DC-38FB-42FA-8BB7-74D2F86D5B04}.Release|x86.Build.0 = Release|Any CPU
		{8F2E8A9D-3753-4524-86E9-ED37C47A7C9C}.Debug|Any CPU.ActiveCfg = Debug|Any CPU
		{8F2E8A9D-3753-4524-86E9-ED37C47A7C9C}.Debug|Any CPU.Build.0 = Debug|Any CPU
		{8F2E8A9D-3753-4524-86E9-ED37C47A7C9C}.Debug|x64.ActiveCfg = Debug|Any CPU
		{8F2E8A9D-3753-4524-86E9-ED37C47A7C9C}.Debug|x64.Build.0 = Debug|Any CPU
		{8F2E8A9D-3753-4524-86E9-ED37C47A7C9C}.Debug|x86.ActiveCfg = Debug|Any CPU
		{8F2E8A9D-3753-4524-86E9-ED37C47A7C9C}.Debug|x86.Build.0 = Debug|Any CPU
		{8F2E8A9D-3753-4524-86E9-ED37C47A7C9C}.Release|Any CPU.ActiveCfg = Release|Any CPU
		{8F2E8A9D-3753-4524-86E9-ED37C47A7C9C}.Release|Any CPU.Build.0 = Release|Any CPU
		{8F2E8A9D-3753-4524-86E9-ED37C47A7C9C}.Release|x64.ActiveCfg = Release|Any CPU
		{8F2E8A9D-3753-4524-86E9-ED37C47A7C9C}.Release|x64.Build.0 = Release|Any CPU
		{8F2E8A9D-3753-4524-86E9-ED37C47A7C9C}.Release|x86.ActiveCfg = Release|Any CPU
		{8F2E8A9D-3753-4524-86E9-ED37C47A7C9C}.Release|x86.Build.0 = Release|Any CPU
	EndGlobalSection
	GlobalSection(SolutionProperties) = preSolution
		HideSolutionNode = FALSE
	EndGlobalSection
	GlobalSection(ExtensibilityGlobals) = postSolution
		SolutionGuid = {4D01C7C6-6291-459B-86DD-C2523314DA64}
	EndGlobalSection
EndGlobal
