
Microsoft Visual Studio Solution File, Format Version 12.00
# Visual Studio Version 17
VisualStudioVersion = 17.14.36623.8
MinimumVisualStudioVersion = 10.0.40219.1
Project("{FAE04EC0-301F-11D3-BF4B-00C04F79EFBC}") = "LAB-1", "LAB-1\LAB-1.csproj", "{43CA6A22-256B-42EF-B79F-BB0EC692BDE3}"
EndProject
Global
	GlobalSection(SolutionConfigurationPlatforms) = preSolution
		Debug|Any CPU = Debug|Any CPU
		Release|Any CPU = Release|Any CPU
	EndGlobalSection
	GlobalSection(ProjectConfigurationPlatforms) = postSolution
		{43CA6A22-256B-42EF-B79F-BB0EC692BDE3}.Debug|Any CPU.ActiveCfg = Debug|Any CPU
		{43CA6A22-256B-42EF-B79F-BB0EC692BDE3}.Debug|Any CPU.Build.0 = Debug|Any CPU
		{43CA6A22-256B-42EF-B79F-BB0EC692BDE3}.Release|Any CPU.ActiveCfg = Release|Any CPU
		{43CA6A22-256B-42EF-B79F-BB0EC692BDE3}.Release|Any CPU.Build.0 = Release|Any CPU
	EndGlobalSection
	GlobalSection(SolutionProperties) = preSolution
		HideSolutionNode = FALSE
	EndGlobalSection
	GlobalSection(ExtensibilityGlobals) = postSolution
		SolutionGuid = {4D01C7C6-6291-459B-86DD-C2523314DA64}
	EndGlobalSection
EndGlobal
